
Microsoft Visual Studio Solution File, Format Version 12.00
# Visual Studio Version 16
VisualStudioVersion = 16.0.31729.503
MinimumVisualStudioVersion = 10.0.40219.1
Project("{FAE04EC0-301F-11D3-BF4B-00C04F79EFBC}") = "UdemyProjetoFinal", "UdemyProjetoFinal\UdemyProjetoFinal.csproj", "{BFE91E99-2338-4A1B-9901-CCD82B6004BC}"
EndProject
Global
	GlobalSection(SolutionConfigurationPlatforms) = preSolution
		Debug|Any CPU = Debug|Any CPU
		Release|Any CPU = Release|Any CPU
	EndGlobalSection
	GlobalSection(ProjectConfigurationPlatforms) = postSolution
		{BFE91E99-2338-4A1B-9901-CCD82B6004BC}.Debug|Any CPU.ActiveCfg = Debug|Any CPU
		{BFE91E99-2338-4A1B-9901-CCD82B6004BC}.Debug|Any CPU.Build.0 = Debug|Any CPU
		{BFE91E99-2338-4A1B-9901-CCD82B6004BC}.Release|Any CPU.ActiveCfg = Release|Any CPU
		{BFE91E99-2338-4A1B-9901-CCD82B6004BC}.Release|Any CPU.Build.0 = Release|Any CPU
	EndGlobalSection
	GlobalSection(SolutionProperties) = preSolution
		HideSolutionNode = FALSE
	EndGlobalSection
	GlobalSection(ExtensibilityGlobals) = postSolution
		SolutionGuid = {98C74D51-AF77-4FF6-B4B5-3A440638FD3B}
	EndGlobalSection
EndGlobal
